// !$*UTF8*$!
{
	archiveVersion = 1;
	classes = {
	};
	objectVersion = 46;
	objects = {

/* Begin PBXBuildFile section */
		788483EE1C6FD21E00F96092 /* AppDelegate.swift in Sources */ = {isa = PBXBuildFile; fileRef = 788483ED1C6FD21E00F96092 /* AppDelegate.swift */; };
		788483F01C6FD21E00F96092 /* GameScene.sks in Resources */ = {isa = PBXBuildFile; fileRef = 788483EF1C6FD21E00F96092 /* GameScene.sks */; };
		788483F21C6FD21E00F96092 /* GameScene.swift in Sources */ = {isa = PBXBuildFile; fileRef = 788483F11C6FD21E00F96092 /* GameScene.swift */; };
		788483F41C6FD21E00F96092 /* GameViewController.swift in Sources */ = {isa = PBXBuildFile; fileRef = 788483F31C6FD21E00F96092 /* GameViewController.swift */; };
		788483F71C6FD21E00F96092 /* Main.storyboard in Resources */ = {isa = PBXBuildFile; fileRef = 788483F51C6FD21E00F96092 /* Main.storyboard */; };
		788483F91C6FD21E00F96092 /* Assets.xcassets in Resources */ = {isa = PBXBuildFile; fileRef = 788483F81C6FD21E00F96092 /* Assets.xcassets */; };
		788483FC1C6FD21E00F96092 /* LaunchScreen.storyboard in Resources */ = {isa = PBXBuildFile; fileRef = 788483FA1C6FD21E00F96092 /* LaunchScreen.storyboard */; };
		788484071C6FD21F00F96092 /* FlyOrDieTests.swift in Sources */ = {isa = PBXBuildFile; fileRef = 788484061C6FD21F00F96092 /* FlyOrDieTests.swift */; };
		788484121C6FD21F00F96092 /* FlyOrDieUITests.swift in Sources */ = {isa = PBXBuildFile; fileRef = 788484111C6FD21F00F96092 /* FlyOrDieUITests.swift */; };
/* End PBXBuildFile section */

/* Begin PBXContainerItemProxy section */
		788484031C6FD21F00F96092 /* PBXContainerItemProxy */ = {
			isa = PBXContainerItemProxy;
			containerPortal = 788483E21C6FD21E00F96092 /* Project object */;
			proxyType = 1;
			remoteGlobalIDString = 788483E91C6FD21E00F96092;
			remoteInfo = FlyOrDie;
		};
		7884840E1C6FD21F00F96092 /* PBXContainerItemProxy */ = {
			isa = PBXContainerItemProxy;
			containerPortal = 788483E21C6FD21E00F96092 /* Project object */;
			proxyType = 1;
			remoteGlobalIDString = 788483E91C6FD21E00F96092;
			remoteInfo = FlyOrDie;
		};
/* End PBXContainerItemProxy section */

/* Begin PBXFileReference section */
		788483EA1C6FD21E00F96092 /* FlyOrDie.app */ = {isa = PBXFileReference; explicitFileType = wrapper.application; includeInIndex = 0; path = FlyOrDie.app; sourceTree = BUILT_PRODUCTS_DIR; };
		788483ED1C6FD21E00F96092 /* AppDelegate.swift */ = {isa = PBXFileReference; lastKnownFileType = sourcecode.swift; path = AppDelegate.swift; sourceTree = "<group>"; };
		788483EF1C6FD21E00F96092 /* GameScene.sks */ = {isa = PBXFileReference; lastKnownFileType = file.sks; path = GameScene.sks; sourceTree = "<group>"; };
		788483F11C6FD21E00F96092 /* GameScene.swift */ = {isa = PBXFileReference; lastKnownFileType = sourcecode.swift; path = GameScene.swift; sourceTree = "<group>"; };
		788483F31C6FD21E00F96092 /* GameViewController.swift */ = {isa = PBXFileReference; lastKnownFileType = sourcecode.swift; path = GameViewController.swift; sourceTree = "<group>"; };
		788483F61C6FD21E00F96092 /* Base */ = {isa = PBXFileReference; lastKnownFileType = file.storyboard; name = Base; path = Base.lproj/Main.storyboard; sourceTree = "<group>"; };
		788483F81C6FD21E00F96092 /* Assets.xcassets */ = {isa = PBXFileReference; lastKnownFileType = folder.assetcatalog; path = Assets.xcassets; sourceTree = "<group>"; };
		788483FB1C6FD21E00F96092 /* Base */ = {isa = PBXFileReference; lastKnownFileType = file.storyboard; name = Base; path = Base.lproj/LaunchScreen.storyboard; sourceTree = "<group>"; };
		788483FD1C6FD21E00F96092 /* Info.plist */ = {isa = PBXFileReference; lastKnownFileType = text.plist.xml; path = Info.plist; sourceTree = "<group>"; };
		788484021C6FD21F00F96092 /* FlyOrDieTests.xctest */ = {isa = PBXFileReference; explicitFileType = wrapper.cfbundle; includeInIndex = 0; path = FlyOrDieTests.xctest; sourceTree = BUILT_PRODUCTS_DIR; };
		788484061C6FD21F00F96092 /* FlyOrDieTests.swift */ = {isa = PBXFileReference; lastKnownFileType = sourcecode.swift; path = FlyOrDieTests.swift; sourceTree = "<group>"; };
		788484081C6FD21F00F96092 /* Info.plist */ = {isa = PBXFileReference; lastKnownFileType = text.plist.xml; path = Info.plist; sourceTree = "<group>"; };
		7884840D1C6FD21F00F96092 /* FlyOrDieUITests.xctest */ = {isa = PBXFileReference; explicitFileType = wrapper.cfbundle; includeInIndex = 0; path = FlyOrDieUITests.xctest; sourceTree = BUILT_PRODUCTS_DIR; };
		788484111C6FD21F00F96092 /* FlyOrDieUITests.swift */ = {isa = PBXFileReference; lastKnownFileType = sourcecode.swift; path = FlyOrDieUITests.swift; sourceTree = "<group>"; };
		788484131C6FD21F00F96092 /* Info.plist */ = {isa = PBXFileReference; lastKnownFileType = text.plist.xml; path = Info.plist; sourceTree = "<group>"; };
/* End PBXFileReference section */

/* Begin PBXFrameworksBuildPhase section */
		788483E71C6FD21E00F96092 /* Frameworks */ = {
			isa = PBXFrameworksBuildPhase;
			buildActionMask = 2147483647;
			files = (
			);
			runOnlyForDeploymentPostprocessing = 0;
		};
		788483FF1C6FD21F00F96092 /* Frameworks */ = {
			isa = PBXFrameworksBuildPhase;
			buildActionMask = 2147483647;
			files = (
			);
			runOnlyForDeploymentPostprocessing = 0;
		};
		7884840A1C6FD21F00F96092 /* Frameworks */ = {
			isa = PBXFrameworksBuildPhase;
			buildActionMask = 2147483647;
			files = (
			);
			runOnlyForDeploymentPostprocessing = 0;
		};
/* End PBXFrameworksBuildPhase section */

/* Begin PBXGroup section */
		788483E11C6FD21E00F96092 = {
			isa = PBXGroup;
			children = (
				788483EC1C6FD21E00F96092 /* FlyOrDie */,
				788484051C6FD21F00F96092 /* FlyOrDieTests */,
				788484101C6FD21F00F96092 /* FlyOrDieUITests */,
				788483EB1C6FD21E00F96092 /* Products */,
			);
			sourceTree = "<group>";
		};
		788483EB1C6FD21E00F96092 /* Products */ = {
			isa = PBXGroup;
			children = (
				788483EA1C6FD21E00F96092 /* FlyOrDie.app */,
				788484021C6FD21F00F96092 /* FlyOrDieTests.xctest */,
				7884840D1C6FD21F00F96092 /* FlyOrDieUITests.xctest */,
			);
			name = Products;
			sourceTree = "<group>";
		};
		788483EC1C6FD21E00F96092 /* FlyOrDie */ = {
			isa = PBXGroup;
			children = (
				788483ED1C6FD21E00F96092 /* AppDelegate.swift */,
				788483EF1C6FD21E00F96092 /* GameScene.sks */,
				788483F11C6FD21E00F96092 /* GameScene.swift */,
				788483F31C6FD21E00F96092 /* GameViewController.swift */,
				788483F51C6FD21E00F96092 /* Main.storyboard */,
				788483F81C6FD21E00F96092 /* Assets.xcassets */,
				788483FA1C6FD21E00F96092 /* LaunchScreen.storyboard */,
				788483FD1C6FD21E00F96092 /* Info.plist */,
			);
			path = FlyOrDie;
			sourceTree = "<group>";
		};
		788484051C6FD21F00F96092 /* FlyOrDieTests */ = {
			isa = PBXGroup;
			children = (
				788484061C6FD21F00F96092 /* FlyOrDieTests.swift */,
				788484081C6FD21F00F96092 /* Info.plist */,
			);
			path = FlyOrDieTests;
			sourceTree = "<group>";
		};
		788484101C6FD21F00F96092 /* FlyOrDieUITests */ = {
			isa = PBXGroup;
			children = (
				788484111C6FD21F00F96092 /* FlyOrDieUITests.swift */,
				788484131C6FD21F00F96092 /* Info.plist */,
			);
			path = FlyOrDieUITests;
			sourceTree = "<group>";
		};
/* End PBXGroup section */

/* Begin PBXNativeTarget section */
		788483E91C6FD21E00F96092 /* FlyOrDie */ = {
			isa = PBXNativeTarget;
			buildConfigurationList = 788484161C6FD21F00F96092 /* Build configuration list for PBXNativeTarget "FlyOrDie" */;
			buildPhases = (
				788483E61C6FD21E00F96092 /* Sources */,
				788483E71C6FD21E00F96092 /* Frameworks */,
				788483E81C6FD21E00F96092 /* Resources */,
			);
			buildRules = (
			);
			dependencies = (
			);
			name = FlyOrDie;
			productName = FlyOrDie;
			productReference = 788483EA1C6FD21E00F96092 /* FlyOrDie.app */;
			productType = "com.apple.product-type.application";
		};
		788484011C6FD21F00F96092 /* FlyOrDieTests */ = {
			isa = PBXNativeTarget;
			buildConfigurationList = 788484191C6FD21F00F96092 /* Build configuration list for PBXNativeTarget "FlyOrDieTests" */;
			buildPhases = (
				788483FE1C6FD21F00F96092 /* Sources */,
				788483FF1C6FD21F00F96092 /* Frameworks */,
				788484001C6FD21F00F96092 /* Resources */,
			);
			buildRules = (
			);
			dependencies = (
				788484041C6FD21F00F96092 /* PBXTargetDependency */,
			);
			name = FlyOrDieTests;
			productName = FlyOrDieTests;
			productReference = 788484021C6FD21F00F96092 /* FlyOrDieTests.xctest */;
			productType = "com.apple.product-type.bundle.unit-test";
		};
		7884840C1C6FD21F00F96092 /* FlyOrDieUITests */ = {
			isa = PBXNativeTarget;
			buildConfigurationList = 7884841C1C6FD21F00F96092 /* Build configuration list for PBXNativeTarget "FlyOrDieUITests" */;
			buildPhases = (
				788484091C6FD21F00F96092 /* Sources */,
				7884840A1C6FD21F00F96092 /* Frameworks */,
				7884840B1C6FD21F00F96092 /* Resources */,
			);
			buildRules = (
			);
			dependencies = (
				7884840F1C6FD21F00F96092 /* PBXTargetDependency */,
			);
			name = FlyOrDieUITests;
			productName = FlyOrDieUITests;
			productReference = 7884840D1C6FD21F00F96092 /* FlyOrDieUITests.xctest */;
			productType = "com.apple.product-type.bundle.ui-testing";
		};
/* End PBXNativeTarget section */

/* Begin PBXProject section */
		788483E21C6FD21E00F96092 /* Project object */ = {
			isa = PBXProject;
			attributes = {
				LastSwiftUpdateCheck = 0720;
				LastUpgradeCheck = 0720;
				ORGANIZATIONNAME = KBryan;
				TargetAttributes = {
					788483E91C6FD21E00F96092 = {
						CreatedOnToolsVersion = 7.2.1;
					};
					788484011C6FD21F00F96092 = {
						CreatedOnToolsVersion = 7.2.1;
						TestTargetID = 788483E91C6FD21E00F96092;
					};
					7884840C1C6FD21F00F96092 = {
						CreatedOnToolsVersion = 7.2.1;
						TestTargetID = 788483E91C6FD21E00F96092;
					};
				};
			};
			buildConfigurationList = 788483E51C6FD21E00F96092 /* Build configuration list for PBXProject "FlyOrDie" */;
			compatibilityVersion = "Xcode 3.2";
			developmentRegion = English;
			hasScannedForEncodings = 0;
			knownRegions = (
				en,
				Base,
			);
			mainGroup = 788483E11C6FD21E00F96092;
			productRefGroup = 788483EB1C6FD21E00F96092 /* Products */;
			projectDirPath = "";
			projectRoot = "";
			targets = (
				788483E91C6FD21E00F96092 /* FlyOrDie */,
				788484011C6FD21F00F96092 /* FlyOrDieTests */,
				7884840C1C6FD21F00F96092 /* FlyOrDieUITests */,
			);
		};
/* End PBXProject section */

/* Begin PBXResourcesBuildPhase section */
		788483E81C6FD21E00F96092 /* Resources */ = {
			isa = PBXResourcesBuildPhase;
			buildActionMask = 2147483647;
			files = (
				788483F01C6FD21E00F96092 /* GameScene.sks in Resources */,
				788483FC1C6FD21E00F96092 /* LaunchScreen.storyboard in Resources */,
				788483F91C6FD21E00F96092 /* Assets.xcassets in Resources */,
				788483F71C6FD21E00F96092 /* Main.storyboard in Resources */,
			);
			runOnlyForDeploymentPostprocessing = 0;
		};
		788484001C6FD21F00F96092 /* Resources */ = {
			isa = PBXResourcesBuildPhase;
			buildActionMask = 2147483647;
			files = (
			);
			runOnlyForDeploymentPostprocessing = 0;
		};
		7884840B1C6FD21F00F96092 /* Resources */ = {
			isa = PBXResourcesBuildPhase;
			buildActionMask = 2147483647;
			files = (
			);
			runOnlyForDeploymentPostprocessing = 0;
		};
/* End PBXResourcesBuildPhase section */

/* Begin PBXSourcesBuildPhase section */
		788483E61C6FD21E00F96092 /* Sources */ = {
			isa = PBXSourcesBuildPhase;
			buildActionMask = 2147483647;
			files = (
				788483F21C6FD21E00F96092 /* GameScene.swift in Sources */,
				788483F41C6FD21E00F96092 /* GameViewController.swift in Sources */,
				788483EE1C6FD21E00F96092 /* AppDelegate.swift in Sources */,
			);
			runOnlyForDeploymentPostprocessing = 0;
		};
		788483FE1C6FD21F00F96092 /* Sources */ = {
			isa = PBXSourcesBuildPhase;
			buildActionMask = 2147483647;
			files = (
				788484071C6FD21F00F96092 /* FlyOrDieTests.swift in Sources */,
			);
			runOnlyForDeploymentPostprocessing = 0;
		};
		788484091C6FD21F00F96092 /* Sources */ = {
			isa = PBXSourcesBuildPhase;
			buildActionMask = 2147483647;
			files = (
				788484121C6FD21F00F96092 /* FlyOrDieUITests.swift in Sources */,
			);
			runOnlyForDeploymentPostprocessing = 0;
		};
/* End PBXSourcesBuildPhase section */

/* Begin PBXTargetDependency section */
		788484041C6FD21F00F96092 /* PBXTargetDependency */ = {
			isa = PBXTargetDependency;
			target = 788483E91C6FD21E00F96092 /* FlyOrDie */;
			targetProxy = 788484031C6FD21F00F96092 /* PBXContainerItemProxy */;
		};
		7884840F1C6FD21F00F96092 /* PBXTargetDependency */ = {
			isa = PBXTargetDependency;
			target = 788483E91C6FD21E00F96092 /* FlyOrDie */;
			targetProxy = 7884840E1C6FD21F00F96092 /* PBXContainerItemProxy */;
		};
/* End PBXTargetDependency section */

/* Begin PBXVariantGroup section */
		788483F51C6FD21E00F96092 /* Main.storyboard */ = {
			isa = PBXVariantGroup;
			children = (
				788483F61C6FD21E00F96092 /* Base */,
			);
			name = Main.storyboard;
			sourceTree = "<group>";
		};
		788483FA1C6FD21E00F96092 /* LaunchScreen.storyboard */ = {
			isa = PBXVariantGroup;
			children = (
				788483FB1C6FD21E00F96092 /* Base */,
			);
			name = LaunchScreen.storyboard;
			sourceTree = "<group>";
		};
/* End PBXVariantGroup section */

/* Begin XCBuildConfiguration section */
		788484141C6FD21F00F96092 /* Debug */ = {
			isa = XCBuildConfiguration;
			buildSettings = {
				ALWAYS_SEARCH_USER_PATHS = NO;
				CLANG_CXX_LANGUAGE_STANDARD = "gnu++0x";
				CLANG_CXX_LIBRARY = "libc++";
				CLANG_ENABLE_MODULES = YES;
				CLANG_ENABLE_OBJC_ARC = YES;
				CLANG_WARN_BOOL_CONVERSION = YES;
				CLANG_WARN_CONSTANT_CONVERSION = YES;
				CLANG_WARN_DIRECT_OBJC_ISA_USAGE = YES_ERROR;
				CLANG_WARN_EMPTY_BODY = YES;
				CLANG_WARN_ENUM_CONVERSION = YES;
				CLANG_WARN_INT_CONVERSION = YES;
				CLANG_WARN_OBJC_ROOT_CLASS = YES_ERROR;
				CLANG_WARN_UNREACHABLE_CODE = YES;
				CLANG_WARN__DUPLICATE_METHOD_MATCH = YES;
				"CODE_SIGN_IDENTITY[sdk=iphoneos*]" = "iPhone Developer";
				COPY_PHASE_STRIP = NO;
				DEBUG_INFORMATION_FORMAT = "dwarf-with-dsym";
				ENABLE_STRICT_OBJC_MSGSEND = YES;
				ENABLE_TESTABILITY = YES;
				GCC_C_LANGUAGE_STANDARD = gnu99;
				GCC_DYNAMIC_NO_PIC = NO;
				GCC_NO_COMMON_BLOCKS = YES;
				GCC_OPTIMIZATION_LEVEL = 0;
				GCC_PREPROCESSOR_DEFINITIONS = (
					"DEBUG=1",
					"$(inherited)",
				);
				GCC_WARN_64_TO_32_BIT_CONVERSION = YES;
				GCC_WARN_ABOUT_RETURN_TYPE = YES_ERROR;
				GCC_WARN_UNDECLARED_SELECTOR = YES;
				GCC_WARN_UNINITIALIZED_AUTOS = YES_AGGRESSIVE;
				GCC_WARN_UNUSED_FUNCTION = YES;
				GCC_WARN_UNUSED_VARIABLE = YES;
				IPHONEOS_DEPLOYMENT_TARGET = 9.2;
				MTL_ENABLE_DEBUG_INFO = YES;
				ONLY_ACTIVE_ARCH = YES;
				SDKROOT = iphoneos;
				SWIFT_OPTIMIZATION_LEVEL = "-Onone";
			};
			name = Debug;
		};
		788484151C6FD21F00F96092 /* Release */ = {
			isa = XCBuildConfiguration;
			buildSettings = {
				ALWAYS_SEARCH_USER_PATHS = NO;
				CLANG_CXX_LANGUAGE_STANDARD = "gnu++0x";
				CLANG_CXX_LIBRARY = "libc++";
				CLANG_ENABLE_MODULES = YES;
				CLANG_ENABLE_OBJC_ARC = YES;
				CLANG_WARN_BOOL_CONVERSION = YES;
				CLANG_WARN_CONSTANT_CONVERSION = YES;
				CLANG_WARN_DIRECT_OBJC_ISA_USAGE = YES_ERROR;
				CLANG_WARN_EMPTY_BODY = YES;
				CLANG_WARN_ENUM_CONVERSION = YES;
				CLANG_WARN_INT_CONVERSION = YES;
				CLANG_WARN_OBJC_ROOT_CLASS = YES_ERROR;
				CLANG_WARN_UNREACHABLE_CODE = YES;
				CLANG_WARN__DUPLICATE_METHOD_MATCH = YES;
				"CODE_SIGN_IDENTITY[sdk=iphoneos*]" = "iPhone Developer";
				COPY_PHASE_STRIP = NO;
				DEBUG_INFORMATION_FORMAT = "dwarf-with-dsym";
				ENABLE_NS_ASSERTIONS = NO;
				ENABLE_STRICT_OBJC_MSGSEND = YES;
				GCC_C_LANGUAGE_STANDARD = gnu99;
				GCC_NO_COMMON_BLOCKS = YES;
				GCC_WARN_64_TO_32_BIT_CONVERSION = YES;
				GCC_WARN_ABOUT_RETURN_TYPE = YES_ERROR;
				GCC_WARN_UNDECLARED_SELECTOR = YES;
				GCC_WARN_UNINITIALIZED_AUTOS = YES_AGGRESSIVE;
				GCC_WARN_UNUSED_FUNCTION = YES;
				GCC_WARN_UNUSED_VARIABLE = YES;
				IPHONEOS_DEPLOYMENT_TARGET = 9.2;
				MTL_ENABLE_DEBUG_INFO = NO;
				SDKROOT = iphoneos;
				VALIDATE_PRODUCT = YES;
			};
			name = Release;
		};
		788484171C6FD21F00F96092 /* Debug */ = {
			isa = XCBuildConfiguration;
			buildSettings = {
				ASSETCATALOG_COMPILER_APPICON_NAME = AppIcon;
				INFOPLIST_FILE = FlyOrDie/Info.plist;
				LD_RUNPATH_SEARCH_PATHS = "$(inherited) @executable_path/Frameworks";
				PRODUCT_BUNDLE_IDENTIFIER = com.3einteractive.FlyOrDie;
				PRODUCT_NAME = "$(TARGET_NAME)";
			};
			name = Debug;
		};
		788484181C6FD21F00F96092 /* Release */ = {
			isa = XCBuildConfiguration;
			buildSettings = {
				ASSETCATALOG_COMPILER_APPICON_NAME = AppIcon;
				INFOPLIST_FILE = FlyOrDie/Info.plist;
				LD_RUNPATH_SEARCH_PATHS = "$(inherited) @executable_path/Frameworks";
				PRODUCT_BUNDLE_IDENTIFIER = com.3einteractive.FlyOrDie;
				PRODUCT_NAME = "$(TARGET_NAME)";
			};
			name = Release;
		};
		7884841A1C6FD21F00F96092 /* Debug */ = {
			isa = XCBuildConfiguration;
			buildSettings = {
				BUNDLE_LOADER = "$(TEST_HOST)";
				DEBUG_INFORMATION_FORMAT = dwarf;
				INFOPLIST_FILE = FlyOrDieTests/Info.plist;
				LD_RUNPATH_SEARCH_PATHS = "$(inherited) @executable_path/Frameworks @loader_path/Frameworks";
				PRODUCT_BUNDLE_IDENTIFIER = com.3einteractive.FlyOrDieTests;
				PRODUCT_NAME = "$(TARGET_NAME)";
				TEST_HOST = "$(BUILT_PRODUCTS_DIR)/FlyOrDie.app/FlyOrDie";
			};
			name = Debug;
		};
		7884841B1C6FD21F00F96092 /* Release */ = {
			isa = XCBuildConfiguration;
			buildSettings = {
				BUNDLE_LOADER = "$(TEST_HOST)";
				INFOPLIST_FILE = FlyOrDieTests/Info.plist;
				LD_RUNPATH_SEARCH_PATHS = "$(inherited) @executable_path/Frameworks @loader_path/Frameworks";
				PRODUCT_BUNDLE_IDENTIFIER = com.3einteractive.FlyOrDieTests;
				PRODUCT_NAME = "$(TARGET_NAME)";
				TEST_HOST = "$(BUILT_PRODUCTS_DIR)/FlyOrDie.app/FlyOrDie";
			};
			name = Release;
		};
		7884841D1C6FD21F00F96092 /* Debug */ = {
			isa = XCBuildConfiguration;
			buildSettings = {
				DEBUG_INFORMATION_FORMAT = dwarf;
				INFOPLIST_FILE = FlyOrDieUITests/Info.plist;
				LD_RUNPATH_SEARCH_PATHS = "$(inherited) @executable_path/Frameworks @loader_path/Frameworks";
				PRODUCT_BUNDLE_IDENTIFIER = com.3einteractive.FlyOrDieUITests;
				PRODUCT_NAME = "$(TARGET_NAME)";
				TEST_TARGET_NAME = FlyOrDie;
				USES_XCTRUNNER = YES;
			};
			name = Debug;
		};
		7884841E1C6FD21F00F96092 /* Release */ = {
			isa = XCBuildConfiguration;
			buildSettings = {
				INFOPLIST_FILE = FlyOrDieUITests/Info.plist;
				LD_RUNPATH_SEARCH_PATHS = "$(inherited) @executable_path/Frameworks @loader_path/Frameworks";
				PRODUCT_BUNDLE_IDENTIFIER = com.3einteractive.FlyOrDieUITests;
				PRODUCT_NAME = "$(TARGET_NAME)";
				TEST_TARGET_NAME = FlyOrDie;
				USES_XCTRUNNER = YES;
			};
			name = Release;
		};
/* End XCBuildConfiguration section */

/* Begin XCConfigurationList section */
		788483E51C6FD21E00F96092 /* Build configuration list for PBXProject "FlyOrDie" */ = {
			isa = XCConfigurationList;
			buildConfigurations = (
				788484141C6FD21F00F96092 /* Debug */,
				788484151C6FD21F00F96092 /* Release */,
			);
			defaultConfigurationIsVisible = 0;
			defaultConfigurationName = Release;
		};
		788484161C6FD21F00F96092 /* Build configuration list for PBXNativeTarget "FlyOrDie" */ = {
			isa = XCConfigurationList;
			buildConfigurations = (
				788484171C6FD21F00F96092 /* Debug */,
				788484181C6FD21F00F96092 /* Release */,
			);
			defaultConfigurationIsVisible = 0;
		};
		788484191C6FD21F00F96092 /* Build configuration list for PBXNativeTarget "FlyOrDieTests" */ = {
			isa = XCConfigurationList;
			buildConfigurations = (
				7884841A1C6FD21F00F96092 /* Debug */,
				7884841B1C6FD21F00F96092 /* Release */,
			);
			defaultConfigurationIsVisible = 0;
		};
		7884841C1C6FD21F00F96092 /* Build configuration list for PBXNativeTarget "FlyOrDieUITests" */ = {
			isa = XCConfigurationList;
			buildConfigurations = (
				7884841D1C6FD21F00F96092 /* Debug */,
				7884841E1C6FD21F00F96092 /* Release */,
			);
			defaultConfigurationIsVisible = 0;
		};
/* End XCConfigurationList section */
	};
	rootObject = 788483E21C6FD21E00F96092 /* Project object */;
}
